github.com/go-ole/go-ole v1.2.4 h1:nNBDSCOigTSiarFpYE9J/KtEA1IOW4CNeqT9TQDqCxI=
github.com/go-ole/go-ole v1.2.4/go.mod h1:XCwSNxSkXRo4vlyPy93sltvi/qJq0jqQhjqQNIwKuxM=
github.com/unidoc/unioffice v1.7.0 h1:EdNrVxdYL3HncKzpASzYOK4vl37rjH2CAWf5tAONLS0=
github.com/unidoc/unioffice v1.7.0/go.mod h1:7wl8btOkZW1TfqfpDWoujRXkUpowwisGRYDo7COHBiI=
